Microsoft Visual Studio Solution File, Format Version 12.00
# Visual Studio Version 17
VisualStudioVersion = 17.5.2.0
MinimumVisualStudioVersion = 10.0.40219.1
Project("{FAE04EC0-301F-11D3-BF4B-00C04F79EFBC}") = "Arruma Impressora Dotnet", "Arruma Impressora Dotnet.csproj", "{27C8784C-8BD1-BA33-83FA-12B22CD76372}"
EndProject
Global
	GlobalSection(SolutionConfigurationPlatforms) = preSolution
		Debug|Any CPU = Debug|Any CPU
		Release|Any CPU = Release|Any CPU
	EndGlobalSection
	GlobalSection(ProjectConfigurationPlatforms) = postSolution
		{27C8784C-8BD1-BA33-83FA-12B22CD76372}.Debug|Any CPU.ActiveCfg = Debug|Any CPU
		{27C8784C-8BD1-BA33-83FA-12B22CD76372}.Debug|Any CPU.Build.0 = Debug|Any CPU
		{27C8784C-8BD1-BA33-83FA-12B22CD76372}.Release|Any CPU.ActiveCfg = Release|Any CPU
		{27C8784C-8BD1-BA33-83FA-12B22CD76372}.Release|Any CPU.Build.0 = Release|Any CPU
	EndGlobalSection
	GlobalSection(SolutionProperties) = preSolution
		HideSolutionNode = FALSE
	EndGlobalSection
	GlobalSection(ExtensibilityGlobals) = postSolution
		SolutionGuid = {4C51605D-C75E-4F6A-9C6A-9F81F46D4874}
	EndGlobalSection
EndGlobal
